
Microsoft Visual Studio Solution File, Format Version 12.00
# Visual Studio Version 17
VisualStudioVersion = 17.9.34723.18
MinimumVisualStudioVersion = 10.0.40219.1
Project("{54435603-DBB4-11D2-8724-00A0C9A8B90C}") = "LPCAMM_Install", "LPCAMM_Install\LPCAMM_Install.vdproj", "{F4890E98-6521-4CF4-B429-A6DCE07177EF}"
EndProject
Project("{FAE04EC0-301F-11D3-BF4B-00C04F79EFBC}") = "LP-MMTCRack", "..\LP-MMTCRack\LP-MMTCRack.csproj", "{167E3A24-36D1-4448-8AA7-1789D50B7FEC}"
EndProject
Project("{FAE04EC0-301F-11D3-BF4B-00C04F79EFBC}") = "TempView", "..\TempView\TempView.csproj", "{02F6DEF3-E876-417A-A072-08CA83B9D816}"
EndProject
Project("{FAE04EC0-301F-11D3-BF4B-00C04F79EFBC}") = "StarLauncher", "..\StarLauncher\StarLauncher.csproj", "{98E8FD7C-4E05-4F4B-B8A3-C694958180E9}"
EndProject
Project("{FAE04EC0-301F-11D3-BF4B-00C04F79EFBC}") = "TempMergeView", "..\TempMergeView\TempMergeView.csproj", "{345D78A6-3A13-4715-AD1E-9821F240FF81}"
EndProject
Global
	GlobalSection(SolutionConfigurationPlatforms) = preSolution
		Debug|Any CPU = Debug|Any CPU
		Release|Any CPU = Release|Any CPU
	EndGlobalSection
	GlobalSection(ProjectConfigurationPlatforms) = postSolution
		{F4890E98-6521-4CF4-B429-A6DCE07177EF}.Debug|Any CPU.ActiveCfg = Debug
		{F4890E98-6521-4CF4-B429-A6DCE07177EF}.Debug|Any CPU.Build.0 = Debug
		{F4890E98-6521-4CF4-B429-A6DCE07177EF}.Release|Any CPU.ActiveCfg = Release
		{F4890E98-6521-4CF4-B429-A6DCE07177EF}.Release|Any CPU.Build.0 = Release
		{167E3A24-36D1-4448-8AA7-1789D50B7FEC}.Debug|Any CPU.ActiveCfg = Debug|Any CPU
		{167E3A24-36D1-4448-8AA7-1789D50B7FEC}.Debug|Any CPU.Build.0 = Debug|Any CPU
		{167E3A24-36D1-4448-8AA7-1789D50B7FEC}.Release|Any CPU.ActiveCfg = Release|Any CPU
		{167E3A24-36D1-4448-8AA7-1789D50B7FEC}.Release|Any CPU.Build.0 = Release|Any CPU
		{02F6DEF3-E876-417A-A072-08CA83B9D816}.Debug|Any CPU.ActiveCfg = Debug|Any CPU
		{02F6DEF3-E876-417A-A072-08CA83B9D816}.Debug|Any CPU.Build.0 = Debug|Any CPU
		{02F6DEF3-E876-417A-A072-08CA83B9D816}.Release|Any CPU.ActiveCfg = Release|Any CPU
		{02F6DEF3-E876-417A-A072-08CA83B9D816}.Release|Any CPU.Build.0 = Release|Any CPU
		{98E8FD7C-4E05-4F4B-B8A3-C694958180E9}.Debug|Any CPU.ActiveCfg = Debug|Any CPU
		{98E8FD7C-4E05-4F4B-B8A3-C694958180E9}.Debug|Any CPU.Build.0 = Debug|Any CPU
		{98E8FD7C-4E05-4F4B-B8A3-C694958180E9}.Release|Any CPU.ActiveCfg = Release|Any CPU
		{98E8FD7C-4E05-4F4B-B8A3-C694958180E9}.Release|Any CPU.Build.0 = Release|Any CPU
		{345D78A6-3A13-4715-AD1E-9821F240FF81}.Debug|Any CPU.ActiveCfg = Debug|Any CPU
		{345D78A6-3A13-4715-AD1E-9821F240FF81}.Debug|Any CPU.Build.0 = Debug|Any CPU
		{345D78A6-3A13-4715-AD1E-9821F240FF81}.Release|Any CPU.ActiveCfg = Release|Any CPU
		{345D78A6-3A13-4715-AD1E-9821F240FF81}.Release|Any CPU.Build.0 = Release|Any CPU
	EndGlobalSection
	GlobalSection(SolutionProperties) = preSolution
		HideSolutionNode = FALSE
	EndGlobalSection
	GlobalSection(ExtensibilityGlobals) = postSolution
		SolutionGuid = {21954F0B-D951-49A8-831E-3CD32DA8C094}
	EndGlobalSection
EndGlobal
