
Microsoft Visual Studio Solution File, Format Version 12.00
# Visual Studio Version 17
VisualStudioVersion = 17.7.33913.275
MinimumVisualStudioVersion = 10.0.40219.1
Project("{FAE04EC0-301F-11D3-BF4B-00C04F79EFBC}") = "MongoAccess", "MongoAccess.csproj", "{D192D744-5E5C-43F9-AAA8-F807839DF53E}"
EndProject
Global
	GlobalSection(SolutionConfigurationPlatforms) = preSolution
		Debug|Any CPU = Debug|Any CPU
		Release|Any CPU = Release|Any CPU
	EndGlobalSection
	GlobalSection(ProjectConfigurationPlatforms) = postSolution
		{D192D744-5E5C-43F9-AAA8-F807839DF53E}.Debug|Any CPU.ActiveCfg = Debug|Any CPU
		{D192D744-5E5C-43F9-AAA8-F807839DF53E}.Debug|Any CPU.Build.0 = Debug|Any CPU
		{D192D744-5E5C-43F9-AAA8-F807839DF53E}.Release|Any CPU.ActiveCfg = Release|Any CPU
		{D192D744-5E5C-43F9-AAA8-F807839DF53E}.Release|Any CPU.Build.0 = Release|Any CPU
	EndGlobalSection
	GlobalSection(SolutionProperties) = preSolution
		HideSolutionNode = FALSE
	EndGlobalSection
	GlobalSection(ExtensibilityGlobals) = postSolution
		SolutionGuid = {50E6D40D-45A1-4753-B1CB-B8598611002F}
	EndGlobalSection
EndGlobal
