
Microsoft Visual Studio Solution File, Format Version 12.00
# Visual Studio Version 17
VisualStudioVersion = 17.7.33913.275
MinimumVisualStudioVersion = 10.0.40219.1
Project("{FAE04EC0-301F-11D3-BF4B-00C04F79EFBC}") = "TempView", "TempView.csproj", "{02F6DEF3-E876-417A-A072-08CA83B9D816}"
EndProject
Global
	GlobalSection(SolutionConfigurationPlatforms) = preSolution
		Debug|Any CPU = Debug|Any CPU
		Release|Any CPU = Release|Any CPU
	EndGlobalSection
	GlobalSection(ProjectConfigurationPlatforms) = postSolution
		{02F6DEF3-E876-417A-A072-08CA83B9D816}.Debug|Any CPU.ActiveCfg = Debug|Any CPU
		{02F6DEF3-E876-417A-A072-08CA83B9D816}.Debug|Any CPU.Build.0 = Debug|Any CPU
		{02F6DEF3-E876-417A-A072-08CA83B9D816}.Release|Any CPU.ActiveCfg = Release|Any CPU
		{02F6DEF3-E876-417A-A072-08CA83B9D816}.Release|Any CPU.Build.0 = Release|Any CPU
	EndGlobalSection
	GlobalSection(SolutionProperties) = preSolution
		HideSolutionNode = FALSE
	EndGlobalSection
	GlobalSection(ExtensibilityGlobals) = postSolution
		SolutionGuid = {AD1F8951-69F5-4060-9F12-01C3245437E9}
	EndGlobalSection
EndGlobal
