
Microsoft Visual Studio Solution File, Format Version 12.00
# Visual Studio Version 17
VisualStudioVersion = 17.7.33913.275
MinimumVisualStudioVersion = 10.0.40219.1
Project("{FAE04EC0-301F-11D3-BF4B-00C04F79EFBC}") = "HtcML", "HtcML.csproj", "{4F28F2B4-0DED-424F-9A48-DE1C918607A2}"
EndProject
Global
	GlobalSection(SolutionConfigurationPlatforms) = preSolution
		Debug|Any CPU = Debug|Any CPU
		Release|Any CPU = Release|Any CPU
	EndGlobalSection
	GlobalSection(ProjectConfigurationPlatforms) = postSolution
		{4F28F2B4-0DED-424F-9A48-DE1C918607A2}.Debug|Any CPU.ActiveCfg = Debug|Any CPU
		{4F28F2B4-0DED-424F-9A48-DE1C918607A2}.Debug|Any CPU.Build.0 = Debug|Any CPU
		{4F28F2B4-0DED-424F-9A48-DE1C918607A2}.Release|Any CPU.ActiveCfg = Release|Any CPU
		{4F28F2B4-0DED-424F-9A48-DE1C918607A2}.Release|Any CPU.Build.0 = Release|Any CPU
	EndGlobalSection
	GlobalSection(SolutionProperties) = preSolution
		HideSolutionNode = FALSE
	EndGlobalSection
	GlobalSection(ExtensibilityGlobals) = postSolution
		SolutionGuid = {8B27C77E-1D8C-4148-93C0-E5580D12C639}
	EndGlobalSection
EndGlobal
