
Microsoft Visual Studio Solution File, Format Version 12.00
# Visual Studio Version 17
VisualStudioVersion = 17.6.33417.168
MinimumVisualStudioVersion = 10.0.40219.1
Project("{FAE04EC0-301F-11D3-BF4B-00C04F79EFBC}") = "StarRouter", "StarRouter.csproj", "{9CDC5E1E-7470-4458-A748-7F0663DCC49C}"
EndProject
Global
	GlobalSection(SolutionConfigurationPlatforms) = preSolution
		Debug|Any CPU = Debug|Any CPU
		Release|Any CPU = Release|Any CPU
	EndGlobalSection
	GlobalSection(ProjectConfigurationPlatforms) = postSolution
		{9CDC5E1E-7470-4458-A748-7F0663DCC49C}.Debug|Any CPU.ActiveCfg = Debug|Any CPU
		{9CDC5E1E-7470-4458-A748-7F0663DCC49C}.Debug|Any CPU.Build.0 = Debug|Any CPU
		{9CDC5E1E-7470-4458-A748-7F0663DCC49C}.Release|Any CPU.ActiveCfg = Release|Any CPU
		{9CDC5E1E-7470-4458-A748-7F0663DCC49C}.Release|Any CPU.Build.0 = Release|Any CPU
	EndGlobalSection
	GlobalSection(SolutionProperties) = preSolution
		HideSolutionNode = FALSE
	EndGlobalSection
	GlobalSection(ExtensibilityGlobals) = postSolution
		SolutionGuid = {EADDD1D9-573A-4A83-8497-18CB0E241241}
	EndGlobalSection
EndGlobal
