
Microsoft Visual Studio Solution File, Format Version 12.00
# Blend for Visual Studio Version 17
VisualStudioVersion = 17.0.31919.166
MinimumVisualStudioVersion = 10.0.40219.1
Project("{FAE04EC0-301F-11D3-BF4B-00C04F79EFBC}") = "StarResult", "StarResult.csproj", "{017EDD4F-D5E0-405A-A2ED-9D67021B4FB4}"
EndProject
Global
	GlobalSection(SolutionConfigurationPlatforms) = preSolution
		Debug|Any CPU = Debug|Any CPU
		Release|Any CPU = Release|Any CPU
	EndGlobalSection
	GlobalSection(ProjectConfigurationPlatforms) = postSolution
		{017EDD4F-D5E0-405A-A2ED-9D67021B4FB4}.Debug|Any CPU.ActiveCfg = Debug|Any CPU
		{017EDD4F-D5E0-405A-A2ED-9D67021B4FB4}.Debug|Any CPU.Build.0 = Debug|Any CPU
		{017EDD4F-D5E0-405A-A2ED-9D67021B4FB4}.Release|Any CPU.ActiveCfg = Release|Any CPU
		{017EDD4F-D5E0-405A-A2ED-9D67021B4FB4}.Release|Any CPU.Build.0 = Release|Any CPU
	EndGlobalSection
	GlobalSection(SolutionProperties) = preSolution
		HideSolutionNode = FALSE
	EndGlobalSection
	GlobalSection(ExtensibilityGlobals) = postSolution
		SolutionGuid = {078B325B-2349-45A0-B89A-15273DC53180}
	EndGlobalSection
EndGlobal
