
Microsoft Visual Studio Solution File, Format Version 12.00
# Visual Studio Version 17
VisualStudioVersion = 17.0.31919.166
MinimumVisualStudioVersion = 10.0.40219.1
Project("{54435603-DBB4-11D2-8724-00A0C9A8B90C}") = "StarTestNBI", "Installer.vdproj", "{F44DBEAB-54CC-406A-949A-7C97A2FBF123}"
EndProject
Project("{FAE04EC0-301F-11D3-BF4B-00C04F79EFBC}") = "StarLauncher", "..\StarLauncher\StarLauncher.csproj", "{98E8FD7C-4E05-4F4B-B8A3-C694958180E9}"
EndProject
Project("{FAE04EC0-301F-11D3-BF4B-00C04F79EFBC}") = "StarMaint", "..\StarMaint\StarMaint.csproj", "{831C37E6-9F54-49E6-A1E4-C3370002FE2A}"
EndProject
Project("{2150E333-8FDC-42A3-9474-1A3956D46DE8}") = "Solution Items", "Solution Items", "{154B023B-BE86-4E6A-91EB-655C00824269}"
EndProject
Project("{FAE04EC0-301F-11D3-BF4B-00C04F79EFBC}") = "StarResult", "..\StarResult\StarResult.csproj", "{017EDD4F-D5E0-405A-A2ED-9D67021B4FB4}"
EndProject
Project("{FAE04EC0-301F-11D3-BF4B-00C04F79EFBC}") = "StarIDE", "..\StarIDE\StarIDE.csproj", "{FFE8265A-D407-4858-BC87-6EA605E53DDE}"
EndProject
Project("{FAE04EC0-301F-11D3-BF4B-00C04F79EFBC}") = "StarBase", "..\StarBase\StarBase.csproj", "{C618711C-895C-4712-B78D-758F5E829636}"
EndProject
Project("{FAE04EC0-301F-11D3-BF4B-00C04F79EFBC}") = "StarOS", "..\StarOS\StarOS.csproj", "{282B49D5-68A6-4948-B4F3-078F145B7CCC}"
EndProject
Project("{FAE04EC0-301F-11D3-BF4B-00C04F79EFBC}") = "StarRouter", "..\StarRouter\StarRouter.csproj", "{9CDC5E1E-7470-4458-A748-7F0663DCC49C}"
EndProject
Project("{FAE04EC0-301F-11D3-BF4B-00C04F79EFBC}") = "Simple.Wpf.Terminal", "..\Simple.Wpf.Terminal\Simple.Wpf.Terminal.csproj", "{F956185B-7111-460E-A9C9-6FE8F4E29693}"
EndProject
Project("{FAE04EC0-301F-11D3-BF4B-00C04F79EFBC}") = "StarQMOS", "..\StarQMOS\StarQMOS.csproj", "{41A76BA4-617B-48D7-8805-E4C961D539DA}"
EndProject
Global
	GlobalSection(SolutionConfigurationPlatforms) = preSolution
		Debug|Any CPU = Debug|Any CPU
		Debug|x64 = Debug|x64
		Debug|x86 = Debug|x86
		Final|Any CPU = Final|Any CPU
		Final|x64 = Final|x64
		Final|x86 = Final|x86
		Release|Any CPU = Release|Any CPU
		Release|x64 = Release|x64
		Release|x86 = Release|x86
		Template|Any CPU = Template|Any CPU
		Template|x64 = Template|x64
		Template|x86 = Template|x86
	EndGlobalSection
	GlobalSection(ProjectConfigurationPlatforms) = postSolution
		{F44DBEAB-54CC-406A-949A-7C97A2FBF123}.Debug|Any CPU.ActiveCfg = Debug
		{F44DBEAB-54CC-406A-949A-7C97A2FBF123}.Debug|Any CPU.Build.0 = Debug
		{F44DBEAB-54CC-406A-949A-7C97A2FBF123}.Debug|x64.ActiveCfg = Debug
		{F44DBEAB-54CC-406A-949A-7C97A2FBF123}.Debug|x64.Build.0 = Debug
		{F44DBEAB-54CC-406A-949A-7C97A2FBF123}.Debug|x86.ActiveCfg = Debug
		{F44DBEAB-54CC-406A-949A-7C97A2FBF123}.Debug|x86.Build.0 = Debug
		{F44DBEAB-54CC-406A-949A-7C97A2FBF123}.Final|Any CPU.ActiveCfg = Debug
		{F44DBEAB-54CC-406A-949A-7C97A2FBF123}.Final|Any CPU.Build.0 = Debug
		{F44DBEAB-54CC-406A-949A-7C97A2FBF123}.Final|x64.ActiveCfg = Debug
		{F44DBEAB-54CC-406A-949A-7C97A2FBF123}.Final|x64.Build.0 = Debug
		{F44DBEAB-54CC-406A-949A-7C97A2FBF123}.Final|x86.ActiveCfg = Debug
		{F44DBEAB-54CC-406A-949A-7C97A2FBF123}.Final|x86.Build.0 = Debug
		{F44DBEAB-54CC-406A-949A-7C97A2FBF123}.Release|Any CPU.ActiveCfg = Release
		{F44DBEAB-54CC-406A-949A-7C97A2FBF123}.Release|Any CPU.Build.0 = Release
		{F44DBEAB-54CC-406A-949A-7C97A2FBF123}.Release|x64.ActiveCfg = Release
		{F44DBEAB-54CC-406A-949A-7C97A2FBF123}.Release|x64.Build.0 = Release
		{F44DBEAB-54CC-406A-949A-7C97A2FBF123}.Release|x86.ActiveCfg = Release
		{F44DBEAB-54CC-406A-949A-7C97A2FBF123}.Release|x86.Build.0 = Release
		{F44DBEAB-54CC-406A-949A-7C97A2FBF123}.Template|Any CPU.ActiveCfg = Debug
		{F44DBEAB-54CC-406A-949A-7C97A2FBF123}.Template|Any CPU.Build.0 = Debug
		{F44DBEAB-54CC-406A-949A-7C97A2FBF123}.Template|x64.ActiveCfg = Debug
		{F44DBEAB-54CC-406A-949A-7C97A2FBF123}.Template|x64.Build.0 = Debug
		{F44DBEAB-54CC-406A-949A-7C97A2FBF123}.Template|x86.ActiveCfg = Debug
		{F44DBEAB-54CC-406A-949A-7C97A2FBF123}.Template|x86.Build.0 = Debug
		{98E8FD7C-4E05-4F4B-B8A3-C694958180E9}.Debug|Any CPU.ActiveCfg = Debug|Any CPU
		{98E8FD7C-4E05-4F4B-B8A3-C694958180E9}.Debug|Any CPU.Build.0 = Debug|Any CPU
		{98E8FD7C-4E05-4F4B-B8A3-C694958180E9}.Debug|x64.ActiveCfg = Debug|Any CPU
		{98E8FD7C-4E05-4F4B-B8A3-C694958180E9}.Debug|x64.Build.0 = Debug|Any CPU
		{98E8FD7C-4E05-4F4B-B8A3-C694958180E9}.Debug|x86.ActiveCfg = Debug|Any CPU
		{98E8FD7C-4E05-4F4B-B8A3-C694958180E9}.Debug|x86.Build.0 = Debug|Any CPU
		{98E8FD7C-4E05-4F4B-B8A3-C694958180E9}.Final|Any CPU.ActiveCfg = Debug|Any CPU
		{98E8FD7C-4E05-4F4B-B8A3-C694958180E9}.Final|Any CPU.Build.0 = Debug|Any CPU
		{98E8FD7C-4E05-4F4B-B8A3-C694958180E9}.Final|x64.ActiveCfg = Debug|Any CPU
		{98E8FD7C-4E05-4F4B-B8A3-C694958180E9}.Final|x64.Build.0 = Debug|Any CPU
		{98E8FD7C-4E05-4F4B-B8A3-C694958180E9}.Final|x86.ActiveCfg = Debug|Any CPU
		{98E8FD7C-4E05-4F4B-B8A3-C694958180E9}.Final|x86.Build.0 = Debug|Any CPU
		{98E8FD7C-4E05-4F4B-B8A3-C694958180E9}.Release|Any CPU.ActiveCfg = Release|Any CPU
		{98E8FD7C-4E05-4F4B-B8A3-C694958180E9}.Release|Any CPU.Build.0 = Release|Any CPU
		{98E8FD7C-4E05-4F4B-B8A3-C694958180E9}.Release|x64.ActiveCfg = Release|Any CPU
		{98E8FD7C-4E05-4F4B-B8A3-C694958180E9}.Release|x64.Build.0 = Release|Any CPU
		{98E8FD7C-4E05-4F4B-B8A3-C694958180E9}.Release|x86.ActiveCfg = Release|Any CPU
		{98E8FD7C-4E05-4F4B-B8A3-C694958180E9}.Release|x86.Build.0 = Release|Any CPU
		{98E8FD7C-4E05-4F4B-B8A3-C694958180E9}.Template|Any CPU.ActiveCfg = Debug|Any CPU
		{98E8FD7C-4E05-4F4B-B8A3-C694958180E9}.Template|Any CPU.Build.0 = Debug|Any CPU
		{98E8FD7C-4E05-4F4B-B8A3-C694958180E9}.Template|x64.ActiveCfg = Debug|Any CPU
		{98E8FD7C-4E05-4F4B-B8A3-C694958180E9}.Template|x64.Build.0 = Debug|Any CPU
		{98E8FD7C-4E05-4F4B-B8A3-C694958180E9}.Template|x86.ActiveCfg = Debug|Any CPU
		{98E8FD7C-4E05-4F4B-B8A3-C694958180E9}.Template|x86.Build.0 = Debug|Any CPU
		{831C37E6-9F54-49E6-A1E4-C3370002FE2A}.Debug|Any CPU.ActiveCfg = Debug|Any CPU
		{831C37E6-9F54-49E6-A1E4-C3370002FE2A}.Debug|Any CPU.Build.0 = Debug|Any CPU
		{831C37E6-9F54-49E6-A1E4-C3370002FE2A}.Debug|x64.ActiveCfg = Debug|Any CPU
		{831C37E6-9F54-49E6-A1E4-C3370002FE2A}.Debug|x64.Build.0 = Debug|Any CPU
		{831C37E6-9F54-49E6-A1E4-C3370002FE2A}.Debug|x86.ActiveCfg = Debug|Any CPU
		{831C37E6-9F54-49E6-A1E4-C3370002FE2A}.Debug|x86.Build.0 = Debug|Any CPU
		{831C37E6-9F54-49E6-A1E4-C3370002FE2A}.Final|Any CPU.ActiveCfg = Debug|Any CPU
		{831C37E6-9F54-49E6-A1E4-C3370002FE2A}.Final|Any CPU.Build.0 = Debug|Any CPU
		{831C37E6-9F54-49E6-A1E4-C3370002FE2A}.Final|x64.ActiveCfg = Debug|Any CPU
		{831C37E6-9F54-49E6-A1E4-C3370002FE2A}.Final|x64.Build.0 = Debug|Any CPU
		{831C37E6-9F54-49E6-A1E4-C3370002FE2A}.Final|x86.ActiveCfg = Debug|Any CPU
		{831C37E6-9F54-49E6-A1E4-C3370002FE2A}.Final|x86.Build.0 = Debug|Any CPU
		{831C37E6-9F54-49E6-A1E4-C3370002FE2A}.Release|Any CPU.ActiveCfg = Release|Any CPU
		{831C37E6-9F54-49E6-A1E4-C3370002FE2A}.Release|Any CPU.Build.0 = Release|Any CPU
		{831C37E6-9F54-49E6-A1E4-C3370002FE2A}.Release|x64.ActiveCfg = Release|Any CPU
		{831C37E6-9F54-49E6-A1E4-C3370002FE2A}.Release|x64.Build.0 = Release|Any CPU
		{831C37E6-9F54-49E6-A1E4-C3370002FE2A}.Release|x86.ActiveCfg = Release|Any CPU
		{831C37E6-9F54-49E6-A1E4-C3370002FE2A}.Release|x86.Build.0 = Release|Any CPU
		{831C37E6-9F54-49E6-A1E4-C3370002FE2A}.Template|Any CPU.ActiveCfg = Debug|Any CPU
		{831C37E6-9F54-49E6-A1E4-C3370002FE2A}.Template|Any CPU.Build.0 = Debug|Any CPU
		{831C37E6-9F54-49E6-A1E4-C3370002FE2A}.Template|x64.ActiveCfg = Debug|Any CPU
		{831C37E6-9F54-49E6-A1E4-C3370002FE2A}.Template|x64.Build.0 = Debug|Any CPU
		{831C37E6-9F54-49E6-A1E4-C3370002FE2A}.Template|x86.ActiveCfg = Debug|Any CPU
		{831C37E6-9F54-49E6-A1E4-C3370002FE2A}.Template|x86.Build.0 = Debug|Any CPU
		{017EDD4F-D5E0-405A-A2ED-9D67021B4FB4}.Debug|Any CPU.ActiveCfg = Debug|Any CPU
		{017EDD4F-D5E0-405A-A2ED-9D67021B4FB4}.Debug|Any CPU.Build.0 = Debug|Any CPU
		{017EDD4F-D5E0-405A-A2ED-9D67021B4FB4}.Debug|x64.ActiveCfg = Debug|Any CPU
		{017EDD4F-D5E0-405A-A2ED-9D67021B4FB4}.Debug|x64.Build.0 = Debug|Any CPU
		{017EDD4F-D5E0-405A-A2ED-9D67021B4FB4}.Debug|x86.ActiveCfg = Debug|Any CPU
		{017EDD4F-D5E0-405A-A2ED-9D67021B4FB4}.Debug|x86.Build.0 = Debug|Any CPU
		{017EDD4F-D5E0-405A-A2ED-9D67021B4FB4}.Final|Any CPU.ActiveCfg = Debug|Any CPU
		{017EDD4F-D5E0-405A-A2ED-9D67021B4FB4}.Final|Any CPU.Build.0 = Debug|Any CPU
		{017EDD4F-D5E0-405A-A2ED-9D67021B4FB4}.Final|x64.ActiveCfg = Debug|Any CPU
		{017EDD4F-D5E0-405A-A2ED-9D67021B4FB4}.Final|x64.Build.0 = Debug|Any CPU
		{017EDD4F-D5E0-405A-A2ED-9D67021B4FB4}.Final|x86.ActiveCfg = Debug|Any CPU
		{017EDD4F-D5E0-405A-A2ED-9D67021B4FB4}.Final|x86.Build.0 = Debug|Any CPU
		{017EDD4F-D5E0-405A-A2ED-9D67021B4FB4}.Release|Any CPU.ActiveCfg = Release|Any CPU
		{017EDD4F-D5E0-405A-A2ED-9D67021B4FB4}.Release|Any CPU.Build.0 = Release|Any CPU
		{017EDD4F-D5E0-405A-A2ED-9D67021B4FB4}.Release|x64.ActiveCfg = Release|Any CPU
		{017EDD4F-D5E0-405A-A2ED-9D67021B4FB4}.Release|x64.Build.0 = Release|Any CPU
		{017EDD4F-D5E0-405A-A2ED-9D67021B4FB4}.Release|x86.ActiveCfg = Release|Any CPU
		{017EDD4F-D5E0-405A-A2ED-9D67021B4FB4}.Release|x86.Build.0 = Release|Any CPU
		{017EDD4F-D5E0-405A-A2ED-9D67021B4FB4}.Template|Any CPU.ActiveCfg = Debug|Any CPU
		{017EDD4F-D5E0-405A-A2ED-9D67021B4FB4}.Template|Any CPU.Build.0 = Debug|Any CPU
		{017EDD4F-D5E0-405A-A2ED-9D67021B4FB4}.Template|x64.ActiveCfg = Debug|Any CPU
		{017EDD4F-D5E0-405A-A2ED-9D67021B4FB4}.Template|x64.Build.0 = Debug|Any CPU
		{017EDD4F-D5E0-405A-A2ED-9D67021B4FB4}.Template|x86.ActiveCfg = Debug|Any CPU
		{017EDD4F-D5E0-405A-A2ED-9D67021B4FB4}.Template|x86.Build.0 = Debug|Any CPU
		{FFE8265A-D407-4858-BC87-6EA605E53DDE}.Debug|Any CPU.ActiveCfg = Debug|Any CPU
		{FFE8265A-D407-4858-BC87-6EA605E53DDE}.Debug|Any CPU.Build.0 = Debug|Any CPU
		{FFE8265A-D407-4858-BC87-6EA605E53DDE}.Debug|x64.ActiveCfg = Debug|Any CPU
		{FFE8265A-D407-4858-BC87-6EA605E53DDE}.Debug|x64.Build.0 = Debug|Any CPU
		{FFE8265A-D407-4858-BC87-6EA605E53DDE}.Debug|x86.ActiveCfg = Debug|Any CPU
		{FFE8265A-D407-4858-BC87-6EA605E53DDE}.Debug|x86.Build.0 = Debug|Any CPU
		{FFE8265A-D407-4858-BC87-6EA605E53DDE}.Final|Any CPU.ActiveCfg = Debug|Any CPU
		{FFE8265A-D407-4858-BC87-6EA605E53DDE}.Final|Any CPU.Build.0 = Debug|Any CPU
		{FFE8265A-D407-4858-BC87-6EA605E53DDE}.Final|x64.ActiveCfg = Debug|Any CPU
		{FFE8265A-D407-4858-BC87-6EA605E53DDE}.Final|x64.Build.0 = Debug|Any CPU
		{FFE8265A-D407-4858-BC87-6EA605E53DDE}.Final|x86.ActiveCfg = Debug|Any CPU
		{FFE8265A-D407-4858-BC87-6EA605E53DDE}.Final|x86.Build.0 = Debug|Any CPU
		{FFE8265A-D407-4858-BC87-6EA605E53DDE}.Release|Any CPU.ActiveCfg = Release|Any CPU
		{FFE8265A-D407-4858-BC87-6EA605E53DDE}.Release|Any CPU.Build.0 = Release|Any CPU
		{FFE8265A-D407-4858-BC87-6EA605E53DDE}.Release|x64.ActiveCfg = Release|Any CPU
		{FFE8265A-D407-4858-BC87-6EA605E53DDE}.Release|x64.Build.0 = Release|Any CPU
		{FFE8265A-D407-4858-BC87-6EA605E53DDE}.Release|x86.ActiveCfg = Release|Any CPU
		{FFE8265A-D407-4858-BC87-6EA605E53DDE}.Release|x86.Build.0 = Release|Any CPU
		{FFE8265A-D407-4858-BC87-6EA605E53DDE}.Template|Any CPU.ActiveCfg = Debug|Any CPU
		{FFE8265A-D407-4858-BC87-6EA605E53DDE}.Template|Any CPU.Build.0 = Debug|Any CPU
		{FFE8265A-D407-4858-BC87-6EA605E53DDE}.Template|x64.ActiveCfg = Debug|Any CPU
		{FFE8265A-D407-4858-BC87-6EA605E53DDE}.Template|x64.Build.0 = Debug|Any CPU
		{FFE8265A-D407-4858-BC87-6EA605E53DDE}.Template|x86.ActiveCfg = Debug|Any CPU
		{FFE8265A-D407-4858-BC87-6EA605E53DDE}.Template|x86.Build.0 = Debug|Any CPU
		{C618711C-895C-4712-B78D-758F5E829636}.Debug|Any CPU.ActiveCfg = Debug|Any CPU
		{C618711C-895C-4712-B78D-758F5E829636}.Debug|Any CPU.Build.0 = Debug|Any CPU
		{C618711C-895C-4712-B78D-758F5E829636}.Debug|x64.ActiveCfg = Debug|Any CPU
		{C618711C-895C-4712-B78D-758F5E829636}.Debug|x64.Build.0 = Debug|Any CPU
		{C618711C-895C-4712-B78D-758F5E829636}.Debug|x86.ActiveCfg = Debug|Any CPU
		{C618711C-895C-4712-B78D-758F5E829636}.Debug|x86.Build.0 = Debug|Any CPU
		{C618711C-895C-4712-B78D-758F5E829636}.Final|Any CPU.ActiveCfg = Debug|Any CPU
		{C618711C-895C-4712-B78D-758F5E829636}.Final|Any CPU.Build.0 = Debug|Any CPU
		{C618711C-895C-4712-B78D-758F5E829636}.Final|x64.ActiveCfg = Debug|Any CPU
		{C618711C-895C-4712-B78D-758F5E829636}.Final|x64.Build.0 = Debug|Any CPU
		{C618711C-895C-4712-B78D-758F5E829636}.Final|x86.ActiveCfg = Debug|Any CPU
		{C618711C-895C-4712-B78D-758F5E829636}.Final|x86.Build.0 = Debug|Any CPU
		{C618711C-895C-4712-B78D-758F5E829636}.Release|Any CPU.ActiveCfg = Release|Any CPU
		{C618711C-895C-4712-B78D-758F5E829636}.Release|Any CPU.Build.0 = Release|Any CPU
		{C618711C-895C-4712-B78D-758F5E829636}.Release|x64.ActiveCfg = Release|Any CPU
		{C618711C-895C-4712-B78D-758F5E829636}.Release|x64.Build.0 = Release|Any CPU
		{C618711C-895C-4712-B78D-758F5E829636}.Release|x86.ActiveCfg = Release|Any CPU
		{C618711C-895C-4712-B78D-758F5E829636}.Release|x86.Build.0 = Release|Any CPU
		{C618711C-895C-4712-B78D-758F5E829636}.Template|Any CPU.ActiveCfg = Debug|Any CPU
		{C618711C-895C-4712-B78D-758F5E829636}.Template|Any CPU.Build.0 = Debug|Any CPU
		{C618711C-895C-4712-B78D-758F5E829636}.Template|x64.ActiveCfg = Debug|Any CPU
		{C618711C-895C-4712-B78D-758F5E829636}.Template|x64.Build.0 = Debug|Any CPU
		{C618711C-895C-4712-B78D-758F5E829636}.Template|x86.ActiveCfg = Debug|Any CPU
		{C618711C-895C-4712-B78D-758F5E829636}.Template|x86.Build.0 = Debug|Any CPU
		{282B49D5-68A6-4948-B4F3-078F145B7CCC}.Debug|Any CPU.ActiveCfg = Debug|Any CPU
		{282B49D5-68A6-4948-B4F3-078F145B7CCC}.Debug|Any CPU.Build.0 = Debug|Any CPU
		{282B49D5-68A6-4948-B4F3-078F145B7CCC}.Debug|x64.ActiveCfg = Debug|Any CPU
		{282B49D5-68A6-4948-B4F3-078F145B7CCC}.Debug|x64.Build.0 = Debug|Any CPU
		{282B49D5-68A6-4948-B4F3-078F145B7CCC}.Debug|x86.ActiveCfg = Debug|Any CPU
		{282B49D5-68A6-4948-B4F3-078F145B7CCC}.Debug|x86.Build.0 = Debug|Any CPU
		{282B49D5-68A6-4948-B4F3-078F145B7CCC}.Final|Any CPU.ActiveCfg = Debug|Any CPU
		{282B49D5-68A6-4948-B4F3-078F145B7CCC}.Final|Any CPU.Build.0 = Debug|Any CPU
		{282B49D5-68A6-4948-B4F3-078F145B7CCC}.Final|x64.ActiveCfg = Debug|Any CPU
		{282B49D5-68A6-4948-B4F3-078F145B7CCC}.Final|x64.Build.0 = Debug|Any CPU
		{282B49D5-68A6-4948-B4F3-078F145B7CCC}.Final|x86.ActiveCfg = Debug|Any CPU
		{282B49D5-68A6-4948-B4F3-078F145B7CCC}.Final|x86.Build.0 = Debug|Any CPU
		{282B49D5-68A6-4948-B4F3-078F145B7CCC}.Release|Any CPU.ActiveCfg = Release|Any CPU
		{282B49D5-68A6-4948-B4F3-078F145B7CCC}.Release|Any CPU.Build.0 = Release|Any CPU
		{282B49D5-68A6-4948-B4F3-078F145B7CCC}.Release|x64.ActiveCfg = Release|Any CPU
		{282B49D5-68A6-4948-B4F3-078F145B7CCC}.Release|x64.Build.0 = Release|Any CPU
		{282B49D5-68A6-4948-B4F3-078F145B7CCC}.Release|x86.ActiveCfg = Release|Any CPU
		{282B49D5-68A6-4948-B4F3-078F145B7CCC}.Release|x86.Build.0 = Release|Any CPU
		{282B49D5-68A6-4948-B4F3-078F145B7CCC}.Template|Any CPU.ActiveCfg = Debug|Any CPU
		{282B49D5-68A6-4948-B4F3-078F145B7CCC}.Template|Any CPU.Build.0 = Debug|Any CPU
		{282B49D5-68A6-4948-B4F3-078F145B7CCC}.Template|x64.ActiveCfg = Debug|Any CPU
		{282B49D5-68A6-4948-B4F3-078F145B7CCC}.Template|x64.Build.0 = Debug|Any CPU
		{282B49D5-68A6-4948-B4F3-078F145B7CCC}.Template|x86.ActiveCfg = Debug|Any CPU
		{282B49D5-68A6-4948-B4F3-078F145B7CCC}.Template|x86.Build.0 = Debug|Any CPU
		{9CDC5E1E-7470-4458-A748-7F0663DCC49C}.Debug|Any CPU.ActiveCfg = Debug|Any CPU
		{9CDC5E1E-7470-4458-A748-7F0663DCC49C}.Debug|Any CPU.Build.0 = Debug|Any CPU
		{9CDC5E1E-7470-4458-A748-7F0663DCC49C}.Debug|x64.ActiveCfg = Debug|Any CPU
		{9CDC5E1E-7470-4458-A748-7F0663DCC49C}.Debug|x64.Build.0 = Debug|Any CPU
		{9CDC5E1E-7470-4458-A748-7F0663DCC49C}.Debug|x86.ActiveCfg = Debug|Any CPU
		{9CDC5E1E-7470-4458-A748-7F0663DCC49C}.Debug|x86.Build.0 = Debug|Any CPU
		{9CDC5E1E-7470-4458-A748-7F0663DCC49C}.Final|Any CPU.ActiveCfg = Debug|Any CPU
		{9CDC5E1E-7470-4458-A748-7F0663DCC49C}.Final|Any CPU.Build.0 = Debug|Any CPU
		{9CDC5E1E-7470-4458-A748-7F0663DCC49C}.Final|x64.ActiveCfg = Debug|Any CPU
		{9CDC5E1E-7470-4458-A748-7F0663DCC49C}.Final|x64.Build.0 = Debug|Any CPU
		{9CDC5E1E-7470-4458-A748-7F0663DCC49C}.Final|x86.ActiveCfg = Debug|Any CPU
		{9CDC5E1E-7470-4458-A748-7F0663DCC49C}.Final|x86.Build.0 = Debug|Any CPU
		{9CDC5E1E-7470-4458-A748-7F0663DCC49C}.Release|Any CPU.ActiveCfg = Release|Any CPU
		{9CDC5E1E-7470-4458-A748-7F0663DCC49C}.Release|Any CPU.Build.0 = Release|Any CPU
		{9CDC5E1E-7470-4458-A748-7F0663DCC49C}.Release|x64.ActiveCfg = Release|Any CPU
		{9CDC5E1E-7470-4458-A748-7F0663DCC49C}.Release|x64.Build.0 = Release|Any CPU
		{9CDC5E1E-7470-4458-A748-7F0663DCC49C}.Release|x86.ActiveCfg = Release|Any CPU
		{9CDC5E1E-7470-4458-A748-7F0663DCC49C}.Release|x86.Build.0 = Release|Any CPU
		{9CDC5E1E-7470-4458-A748-7F0663DCC49C}.Template|Any CPU.ActiveCfg = Debug|Any CPU
		{9CDC5E1E-7470-4458-A748-7F0663DCC49C}.Template|Any CPU.Build.0 = Debug|Any CPU
		{9CDC5E1E-7470-4458-A748-7F0663DCC49C}.Template|x64.ActiveCfg = Debug|Any CPU
		{9CDC5E1E-7470-4458-A748-7F0663DCC49C}.Template|x64.Build.0 = Debug|Any CPU
		{9CDC5E1E-7470-4458-A748-7F0663DCC49C}.Template|x86.ActiveCfg = Debug|Any CPU
		{9CDC5E1E-7470-4458-A748-7F0663DCC49C}.Template|x86.Build.0 = Debug|Any CPU
		{F956185B-7111-460E-A9C9-6FE8F4E29693}.Debug|Any CPU.ActiveCfg = Debug|Any CPU
		{F956185B-7111-460E-A9C9-6FE8F4E29693}.Debug|Any CPU.Build.0 = Debug|Any CPU
		{F956185B-7111-460E-A9C9-6FE8F4E29693}.Debug|x64.ActiveCfg = Debug|Any CPU
		{F956185B-7111-460E-A9C9-6FE8F4E29693}.Debug|x64.Build.0 = Debug|Any CPU
		{F956185B-7111-460E-A9C9-6FE8F4E29693}.Debug|x86.ActiveCfg = Debug|Any CPU
		{F956185B-7111-460E-A9C9-6FE8F4E29693}.Debug|x86.Build.0 = Debug|Any CPU
		{F956185B-7111-460E-A9C9-6FE8F4E29693}.Final|Any CPU.ActiveCfg = Debug|Any CPU
		{F956185B-7111-460E-A9C9-6FE8F4E29693}.Final|Any CPU.Build.0 = Debug|Any CPU
		{F956185B-7111-460E-A9C9-6FE8F4E29693}.Final|x64.ActiveCfg = Debug|Any CPU
		{F956185B-7111-460E-A9C9-6FE8F4E29693}.Final|x64.Build.0 = Debug|Any CPU
		{F956185B-7111-460E-A9C9-6FE8F4E29693}.Final|x86.ActiveCfg = Debug|Any CPU
		{F956185B-7111-460E-A9C9-6FE8F4E29693}.Final|x86.Build.0 = Debug|Any CPU
		{F956185B-7111-460E-A9C9-6FE8F4E29693}.Release|Any CPU.ActiveCfg = Release|Any CPU
		{F956185B-7111-460E-A9C9-6FE8F4E29693}.Release|Any CPU.Build.0 = Release|Any CPU
		{F956185B-7111-460E-A9C9-6FE8F4E29693}.Release|x64.ActiveCfg = Release|Any CPU
		{F956185B-7111-460E-A9C9-6FE8F4E29693}.Release|x64.Build.0 = Release|Any CPU
		{F956185B-7111-460E-A9C9-6FE8F4E29693}.Release|x86.ActiveCfg = Release|Any CPU
		{F956185B-7111-460E-A9C9-6FE8F4E29693}.Release|x86.Build.0 = Release|Any CPU
		{F956185B-7111-460E-A9C9-6FE8F4E29693}.Template|Any CPU.ActiveCfg = Debug|Any CPU
		{F956185B-7111-460E-A9C9-6FE8F4E29693}.Template|Any CPU.Build.0 = Debug|Any CPU
		{F956185B-7111-460E-A9C9-6FE8F4E29693}.Template|x64.ActiveCfg = Debug|Any CPU
		{F956185B-7111-460E-A9C9-6FE8F4E29693}.Template|x64.Build.0 = Debug|Any CPU
		{F956185B-7111-460E-A9C9-6FE8F4E29693}.Template|x86.ActiveCfg = Debug|Any CPU
		{F956185B-7111-460E-A9C9-6FE8F4E29693}.Template|x86.Build.0 = Debug|Any CPU
		{41A76BA4-617B-48D7-8805-E4C961D539DA}.Debug|Any CPU.ActiveCfg = Debug|Any CPU
		{41A76BA4-617B-48D7-8805-E4C961D539DA}.Debug|Any CPU.Build.0 = Debug|Any CPU
		{41A76BA4-617B-48D7-8805-E4C961D539DA}.Debug|x64.ActiveCfg = Debug|Any CPU
		{41A76BA4-617B-48D7-8805-E4C961D539DA}.Debug|x64.Build.0 = Debug|Any CPU
		{41A76BA4-617B-48D7-8805-E4C961D539DA}.Debug|x86.ActiveCfg = Debug|Any CPU
		{41A76BA4-617B-48D7-8805-E4C961D539DA}.Debug|x86.Build.0 = Debug|Any CPU
		{41A76BA4-617B-48D7-8805-E4C961D539DA}.Final|Any CPU.ActiveCfg = Debug|Any CPU
		{41A76BA4-617B-48D7-8805-E4C961D539DA}.Final|Any CPU.Build.0 = Debug|Any CPU
		{41A76BA4-617B-48D7-8805-E4C961D539DA}.Final|x64.ActiveCfg = Debug|Any CPU
		{41A76BA4-617B-48D7-8805-E4C961D539DA}.Final|x64.Build.0 = Debug|Any CPU
		{41A76BA4-617B-48D7-8805-E4C961D539DA}.Final|x86.ActiveCfg = Debug|Any CPU
		{41A76BA4-617B-48D7-8805-E4C961D539DA}.Final|x86.Build.0 = Debug|Any CPU
		{41A76BA4-617B-48D7-8805-E4C961D539DA}.Release|Any CPU.ActiveCfg = Release|Any CPU
		{41A76BA4-617B-48D7-8805-E4C961D539DA}.Release|Any CPU.Build.0 = Release|Any CPU
		{41A76BA4-617B-48D7-8805-E4C961D539DA}.Release|x64.ActiveCfg = Release|Any CPU
		{41A76BA4-617B-48D7-8805-E4C961D539DA}.Release|x64.Build.0 = Release|Any CPU
		{41A76BA4-617B-48D7-8805-E4C961D539DA}.Release|x86.ActiveCfg = Release|Any CPU
		{41A76BA4-617B-48D7-8805-E4C961D539DA}.Release|x86.Build.0 = Release|Any CPU
		{41A76BA4-617B-48D7-8805-E4C961D539DA}.Template|Any CPU.ActiveCfg = Debug|Any CPU
		{41A76BA4-617B-48D7-8805-E4C961D539DA}.Template|Any CPU.Build.0 = Debug|Any CPU
		{41A76BA4-617B-48D7-8805-E4C961D539DA}.Template|x64.ActiveCfg = Debug|Any CPU
		{41A76BA4-617B-48D7-8805-E4C961D539DA}.Template|x64.Build.0 = Debug|Any CPU
		{41A76BA4-617B-48D7-8805-E4C961D539DA}.Template|x86.ActiveCfg = Debug|Any CPU
		{41A76BA4-617B-48D7-8805-E4C961D539DA}.Template|x86.Build.0 = Debug|Any CPU
	EndGlobalSection
	GlobalSection(SolutionProperties) = preSolution
		HideSolutionNode = FALSE
	EndGlobalSection
	GlobalSection(ExtensibilityGlobals) = postSolution
		SolutionGuid = {C635FB1D-B907-4A27-A0FA-28C58D9B25BB}
	EndGlobalSection
EndGlobal
